
Microsoft Visual Studio Solution File, Format Version 12.00
# Visual Studio Version 17
VisualStudioVersion = 17.9.34622.214
MinimumVisualStudioVersion = 10.0.40219.1
Project("{9A19103F-16F7-4668-BE54-9A1E7A4F7556}") = "OrderManagement.API", "OrderManagement.API\OrderManagement.API.csproj", "{FE8A3D0A-9DB9-4D20-BCA7-A6BF958622DE}"
EndProject
Project("{9A19103F-16F7-4668-BE54-9A1E7A4F7556}") = "OrderManagement.Application", "OrderManagement.Application\OrderManagement.Application.csproj", "{E3E4E115-CB1D-4FA6-8290-1379B6569521}"
EndProject
Project("{9A19103F-16F7-4668-BE54-9A1E7A4F7556}") = "OrderManagement.Domain", "OrderManagement.Domain\OrderManagement.Domain.csproj", "{FB4D9CEF-B948-4182-AC2E-463835C043F7}"
EndProject
Project("{9A19103F-16F7-4668-BE54-9A1E7A4F7556}") = "OrderManagement.Infrastructure", "OrderManagement.Infrastructure\OrderManagement.Infrastructure.csproj", "{E8DA5E72-51CC-41B5-A352-E4C85AC31CE9}"
EndProject
Project("{9A19103F-16F7-4668-BE54-9A1E7A4F7556}") = "OrderManagement.IoC", "OrderManagement.IoC\OrderManagement.IoC.csproj", "{0AC205E2-3E0F-4725-A919-A8FAF14D214F}"
EndProject
Project("{FAE04EC0-301F-11D3-BF4B-00C04F79EFBC}") = "OrderManagement.Tests", "OrderManagement.Tests\OrderManagement.Tests.csproj", "{BAAA4DC4-918D-41E3-B095-2BBA95678C0E}"
EndProject
Global
	GlobalSection(SolutionConfigurationPlatforms) = preSolution
		Debug|Any CPU = Debug|Any CPU
		Release|Any CPU = Release|Any CPU
	EndGlobalSection
	GlobalSection(ProjectConfigurationPlatforms) = postSolution
		{FE8A3D0A-9DB9-4D20-BCA7-A6BF958622DE}.Debug|Any CPU.ActiveCfg = Debug|Any CPU
		{FE8A3D0A-9DB9-4D20-BCA7-A6BF958622DE}.Debug|Any CPU.Build.0 = Debug|Any CPU
		{FE8A3D0A-9DB9-4D20-BCA7-A6BF958622DE}.Release|Any CPU.ActiveCfg = Release|Any CPU
		{FE8A3D0A-9DB9-4D20-BCA7-A6BF958622DE}.Release|Any CPU.Build.0 = Release|Any CPU
		{E3E4E115-CB1D-4FA6-8290-1379B6569521}.Debug|Any CPU.ActiveCfg = Debug|Any CPU
		{E3E4E115-CB1D-4FA6-8290-1379B6569521}.Debug|Any CPU.Build.0 = Debug|Any CPU
		{E3E4E115-CB1D-4FA6-8290-1379B6569521}.Release|Any CPU.ActiveCfg = Release|Any CPU
		{E3E4E115-CB1D-4FA6-8290-1379B6569521}.Release|Any CPU.Build.0 = Release|Any CPU
		{FB4D9CEF-B948-4182-AC2E-463835C043F7}.Debug|Any CPU.ActiveCfg = Debug|Any CPU
		{FB4D9CEF-B948-4182-AC2E-463835C043F7}.Debug|Any CPU.Build.0 = Debug|Any CPU
		{FB4D9CEF-B948-4182-AC2E-463835C043F7}.Release|Any CPU.ActiveCfg = Release|Any CPU
		{FB4D9CEF-B948-4182-AC2E-463835C043F7}.Release|Any CPU.Build.0 = Release|Any CPU
		{E8DA5E72-51CC-41B5-A352-E4C85AC31CE9}.Debug|Any CPU.ActiveCfg = Debug|Any CPU
		{E8DA5E72-51CC-41B5-A352-E4C85AC31CE9}.Debug|Any CPU.Build.0 = Debug|Any CPU
		{E8DA5E72-51CC-41B5-A352-E4C85AC31CE9}.Release|Any CPU.ActiveCfg = Release|Any CPU
		{E8DA5E72-51CC-41B5-A352-E4C85AC31CE9}.Release|Any CPU.Build.0 = Release|Any CPU
		{0AC205E2-3E0F-4725-A919-A8FAF14D214F}.Debug|Any CPU.ActiveCfg = Debug|Any CPU
		{0AC205E2-3E0F-4725-A919-A8FAF14D214F}.Debug|Any CPU.Build.0 = Debug|Any CPU
		{0AC205E2-3E0F-4725-A919-A8FAF14D214F}.Release|Any CPU.ActiveCfg = Release|Any CPU
		{0AC205E2-3E0F-4725-A919-A8FAF14D214F}.Release|Any CPU.Build.0 = Release|Any CPU
		{BAAA4DC4-918D-41E3-B095-2BBA95678C0E}.Debug|Any CPU.ActiveCfg = Debug|Any CPU
		{BAAA4DC4-918D-41E3-B095-2BBA95678C0E}.Debug|Any CPU.Build.0 = Debug|Any CPU
		{BAAA4DC4-918D-41E3-B095-2BBA95678C0E}.Release|Any CPU.ActiveCfg = Release|Any CPU
		{BAAA4DC4-918D-41E3-B095-2BBA95678C0E}.Release|Any CPU.Build.0 = Release|Any CPU
	EndGlobalSection
	GlobalSection(SolutionProperties) = preSolution
		HideSolutionNode = FALSE
	EndGlobalSection
	GlobalSection(ExtensibilityGlobals) = postSolution
		SolutionGuid = {E7A8B951-D196-4757-9879-DB80342B60B1}
	EndGlobalSection
EndGlobal
